// !$*UTF8*$!
{
	archiveVersion = 1;
	classes = {
	};
	objectVersion = 46;
	objects = {

/* Begin PBXBuildFile section */
		1886461A1A65E4A70036ADDC /* main.m in Sources */ = {isa = PBXBuildFile; fileRef = 188646191A65E4A70036ADDC /* main.m */; };
		1886461D1A65E4A70036ADDC /* AppDelegate.m in Sources */ = {isa = PBXBuildFile; fileRef = 1886461C1A65E4A70036ADDC /* AppDelegate.m */; };
		188646201A65E4A70036ADDC /* ViewController.m in Sources */ = {isa = PBXBuildFile; fileRef = 1886461F1A65E4A70036ADDC /* ViewController.m */; };
		188646231A65E4A80036ADDC /* Main.storyboard in Resources */ = {isa = PBXBuildFile; fileRef = 188646211A65E4A80036ADDC /* Main.storyboard */; };
		188646251A65E4A80036ADDC /* Images.xcassets in Resources */ = {isa = PBXBuildFile; fileRef = 188646241A65E4A80036ADDC /* Images.xcassets */; };
		188646281A65E4A80036ADDC /* LaunchScreen.xib in Resources */ = {isa = PBXBuildFile; fileRef = 188646261A65E4A80036ADDC /* LaunchScreen.xib */; };
		188646341A65E4A80036ADDC /* ChangeColorProtocolTests.m in Sources */ = {isa = PBXBuildFile; fileRef = 188646331A65E4A80036ADDC /* ChangeColorProtocolTests.m */; };
/* End PBXBuildFile section */

/* Begin PBXContainerItemProxy section */
		1886462E1A65E4A80036ADDC /* PBXContainerItemProxy */ = {
			isa = PBXContainerItemProxy;
			containerPortal = 1886460C1A65E4A70036ADDC /* Project object */;
			proxyType = 1;
			remoteGlobalIDString = 188646131A65E4A70036ADDC;
			remoteInfo = ChangeColorProtocol;
		};
/* End PBXContainerItemProxy section */

/* Begin PBXFileReference section */
		188646141A65E4A70036ADDC /* ChangeColorProtocol.app */ = {isa = PBXFileReference; explicitFileType = wrapper.application; includeInIndex = 0; path = ChangeColorProtocol.app; sourceTree = BUILT_PRODUCTS_DIR; };
		188646181A65E4A70036ADDC /* Info.plist */ = {isa = PBXFileReference; lastKnownFileType = text.plist.xml; path = Info.plist; sourceTree = "<group>"; };
		188646191A65E4A70036ADDC /* main.m */ = {isa = PBXFileReference; lastKnownFileType = sourcecode.c.objc; path = main.m; sourceTree = "<group>"; };
		1886461B1A65E4A70036ADDC /* AppDelegate.h */ = {isa = PBXFileReference; lastKnownFileType = sourcecode.c.h; path = AppDelegate.h; sourceTree = "<group>"; };
		1886461C1A65E4A70036ADDC /* AppDelegate.m */ = {isa = PBXFileReference; lastKnownFileType = sourcecode.c.objc; path = AppDelegate.m; sourceTree = "<group>"; };
		1886461E1A65E4A70036ADDC /* ViewController.h */ = {isa = PBXFileReference; lastKnownFileType = sourcecode.c.h; path = ViewController.h; sourceTree = "<group>"; };
		1886461F1A65E4A70036ADDC /* ViewController.m */ = {isa = PBXFileReference; lastKnownFileType = sourcecode.c.objc; path = ViewController.m; sourceTree = "<group>"; };
		188646221A65E4A80036ADDC /* Base */ = {isa = PBXFileReference; lastKnownFileType = file.storyboard; name = Base; path = Base.lproj/Main.storyboard; sourceTree = "<group>"; };
		188646241A65E4A80036ADDC /* Images.xcassets */ = {isa = PBXFileReference; lastKnownFileType = folder.assetcatalog; path = Images.xcassets; sourceTree = "<group>"; };
		188646271A65E4A80036ADDC /* Base */ = {isa = PBXFileReference; lastKnownFileType = file.xib; name = Base; path = Base.lproj/LaunchScreen.xib; sourceTree = "<group>"; };
		1886462D1A65E4A80036ADDC /* ChangeColorProtocolTests.xctest */ = {isa = PBXFileReference; explicitFileType = wrapper.cfbundle; includeInIndex = 0; path = ChangeColorProtocolTests.xctest; sourceTree = BUILT_PRODUCTS_DIR; };
		188646321A65E4A80036ADDC /* Info.plist */ = {isa = PBXFileReference; lastKnownFileType = text.plist.xml; path = Info.plist; sourceTree = "<group>"; };
		188646331A65E4A80036ADDC /* ChangeColorProtocolTests.m */ = {isa = PBXFileReference; lastKnownFileType = sourcecode.c.objc; path = ChangeColorProtocolTests.m; sourceTree = "<group>"; };
/* End PBXFileReference section */

/* Begin PBXFrameworksBuildPhase section */
		188646111A65E4A70036ADDC /* Frameworks */ = {
			isa = PBXFrameworksBuildPhase;
			buildActionMask = 2147483647;
			files = (
			);
			runOnlyForDeploymentPostprocessing = 0;
		};
		1886462A1A65E4A80036ADDC /* Frameworks */ = {
			isa = PBXFrameworksBuildPhase;
			buildActionMask = 2147483647;
			files = (
			);
			runOnlyForDeploymentPostprocessing = 0;
		};
/* End PBXFrameworksBuildPhase section */

/* Begin PBXGroup section */
		1886460B1A65E4A70036ADDC = {
			isa = PBXGroup;
			children = (
				188646161A65E4A70036ADDC /* ChangeColorProtocol */,
				188646301A65E4A80036ADDC /* ChangeColorProtocolTests */,
				188646151A65E4A70036ADDC /* Products */,
			);
			sourceTree = "<group>";
		};
		188646151A65E4A70036ADDC /* Products */ = {
			isa = PBXGroup;
			children = (
				188646141A65E4A70036ADDC /* ChangeColorProtocol.app */,
				1886462D1A65E4A80036ADDC /* ChangeColorProtocolTests.xctest */,
			);
			name = Products;
			sourceTree = "<group>";
		};
		188646161A65E4A70036ADDC /* ChangeColorProtocol */ = {
			isa = PBXGroup;
			children = (
				1886461B1A65E4A70036ADDC /* AppDelegate.h */,
				1886461C1A65E4A70036ADDC /* AppDelegate.m */,
				1886461E1A65E4A70036ADDC /* ViewController.h */,
				1886461F1A65E4A70036ADDC /* ViewController.m */,
				188646211A65E4A80036ADDC /* Main.storyboard */,
				188646241A65E4A80036ADDC /* Images.xcassets */,
				188646261A65E4A80036ADDC /* LaunchScreen.xib */,
				188646171A65E4A70036ADDC /* Supporting Files */,
			);
			path = ChangeColorProtocol;
			sourceTree = "<group>";
		};
		188646171A65E4A70036ADDC /* Supporting Files */ = {
			isa = PBXGroup;
			children = (
				188646181A65E4A70036ADDC /* Info.plist */,
				188646191A65E4A70036ADDC /* main.m */,
			);
			name = "Supporting Files";
			sourceTree = "<group>";
		};
		188646301A65E4A80036ADDC /* ChangeColorProtocolTests */ = {
			isa = PBXGroup;
			children = (
				188646331A65E4A80036ADDC /* ChangeColorProtocolTests.m */,
				188646311A65E4A80036ADDC /* Supporting Files */,
			);
			path = ChangeColorProtocolTests;
			sourceTree = "<group>";
		};
		188646311A65E4A80036ADDC /* Supporting Files */ = {
			isa = PBXGroup;
			children = (
				188646321A65E4A80036ADDC /* Info.plist */,
			);
			name = "Supporting Files";
			sourceTree = "<group>";
		};
/* End PBXGroup section */

/* Begin PBXNativeTarget section */
		188646131A65E4A70036ADDC /* ChangeColorProtocol */ = {
			isa = PBXNativeTarget;
			buildConfigurationList = 188646371A65E4A80036ADDC /* Build configuration list for PBXNativeTarget "ChangeColorProtocol" */;
			buildPhases = (
				188646101A65E4A70036ADDC /* Sources */,
				188646111A65E4A70036ADDC /* Frameworks */,
				188646121A65E4A70036ADDC /* Resources */,
			);
			buildRules = (
			);
			dependencies = (
			);
			name = ChangeColorProtocol;
			productName = ChangeColorProtocol;
			productReference = 188646141A65E4A70036ADDC /* ChangeColorProtocol.app */;
			productType = "com.apple.product-type.application";
		};
		1886462C1A65E4A80036ADDC /* ChangeColorProtocolTests */ = {
			isa = PBXNativeTarget;
			buildConfigurationList = 1886463A1A65E4A80036ADDC /* Build configuration list for PBXNativeTarget "ChangeColorProtocolTests" */;
			buildPhases = (
				188646291A65E4A80036ADDC /* Sources */,
				1886462A1A65E4A80036ADDC /* Frameworks */,
				1886462B1A65E4A80036ADDC /* Resources */,
			);
			buildRules = (
			);
			dependencies = (
				1886462F1A65E4A80036ADDC /* PBXTargetDependency */,
			);
			name = ChangeColorProtocolTests;
			productName = ChangeColorProtocolTests;
			productReference = 1886462D1A65E4A80036ADDC /* ChangeColorProtocolTests.xctest */;
			productType = "com.apple.product-type.bundle.unit-test";
		};
/* End PBXNativeTarget section */

/* Begin PBXProject section */
		1886460C1A65E4A70036ADDC /* Project object */ = {
			isa = PBXProject;
			attributes = {
				LastUpgradeCheck = 0610;
				ORGANIZATIONNAME = yuebao;
				TargetAttributes = {
					188646131A65E4A70036ADDC = {
						CreatedOnToolsVersion = 6.1.1;
					};
					1886462C1A65E4A80036ADDC = {
						CreatedOnToolsVersion = 6.1.1;
						TestTargetID = 188646131A65E4A70036ADDC;
					};
				};
			};
			buildConfigurationList = 1886460F1A65E4A70036ADDC /* Build configuration list for PBXProject "ChangeColorProtocol" */;
			compatibilityVersion = "Xcode 3.2";
			developmentRegion = English;
			hasScannedForEncodings = 0;
			knownRegions = (
				en,
				Base,
			);
			mainGroup = 1886460B1A65E4A70036ADDC;
			productRefGroup = 188646151A65E4A70036ADDC /* Products */;
			projectDirPath = "";
			projectRoot = "";
			targets = (
				188646131A65E4A70036ADDC /* ChangeColorProtocol */,
				1886462C1A65E4A80036ADDC /* ChangeColorProtocolTests */,
			);
		};
/* End PBXProject section */

/* Begin PBXResourcesBuildPhase section */
		188646121A65E4A70036ADDC /* Resources */ = {
			isa = PBXResourcesBuildPhase;
			buildActionMask = 2147483647;
			files = (
				188646231A65E4A80036ADDC /* Main.storyboard in Resources */,
				188646281A65E4A80036ADDC /* LaunchScreen.xib in Resources */,
				188646251A65E4A80036ADDC /* Images.xcassets in Resources */,
			);
			runOnlyForDeploymentPostprocessing = 0;
		};
		1886462B1A65E4A80036ADDC /* Resources */ = {
			isa = PBXResourcesBuildPhase;
			buildActionMask = 2147483647;
			files = (
			);
			runOnlyForDeploymentPostprocessing = 0;
		};
/* End PBXResourcesBuildPhase section */

/* Begin PBXSourcesBuildPhase section */
		188646101A65E4A70036ADDC /* Sources */ = {
			isa = PBXSourcesBuildPhase;
			buildActionMask = 2147483647;
			files = (
				188646201A65E4A70036ADDC /* ViewController.m in Sources */,
				1886461D1A65E4A70036ADDC /* AppDelegate.m in Sources */,
				1886461A1A65E4A70036ADDC /* main.m in Sources */,
			);
			runOnlyForDeploymentPostprocessing = 0;
		};
		188646291A65E4A80036ADDC /* Sources */ = {
			isa = PBXSourcesBuildPhase;
			buildActionMask = 2147483647;
			files = (
				188646341A65E4A80036ADDC /* ChangeColorProtocolTests.m in Sources */,
			);
			runOnlyForDeploymentPostprocessing = 0;
		};
/* End PBXSourcesBuildPhase section */

/* Begin PBXTargetDependency section */
		1886462F1A65E4A80036ADDC /* PBXTargetDependency */ = {
			isa = PBXTargetDependency;
			target = 188646131A65E4A70036ADDC /* ChangeColorProtocol */;
			targetProxy = 1886462E1A65E4A80036ADDC /* PBXContainerItemProxy */;
		};
/* End PBXTargetDependency section */

/* Begin PBXVariantGroup section */
		188646211A65E4A80036ADDC /* Main.storyboard */ = {
			isa = PBXVariantGroup;
			children = (
				188646221A65E4A80036ADDC /* Base */,
			);
			name = Main.storyboard;
			sourceTree = "<group>";
		};
		188646261A65E4A80036ADDC /* LaunchScreen.xib */ = {
			isa = PBXVariantGroup;
			children = (
				188646271A65E4A80036ADDC /* Base */,
			);
			name = LaunchScreen.xib;
			sourceTree = "<group>";
		};
/* End PBXVariantGroup section */

/* Begin XCBuildConfiguration section */
		188646351A65E4A80036ADDC /* Debug */ = {
			isa = XCBuildConfiguration;
			buildSettings = {
				ALWAYS_SEARCH_USER_PATHS = NO;
				CLANG_CXX_LANGUAGE_STANDARD = "gnu++0x";
				CLANG_CXX_LIBRARY = "libc++";
				CLANG_ENABLE_MODULES = YES;
				CLANG_ENABLE_OBJC_ARC = YES;
				CLANG_WARN_BOOL_CONVERSION = YES;
				CLANG_WARN_CONSTANT_CONVERSION = YES;
				CLANG_WARN_DIRECT_OBJC_ISA_USAGE = YES_ERROR;
				CLANG_WARN_EMPTY_BODY = YES;
				CLANG_WARN_ENUM_CONVERSION = YES;
				CLANG_WARN_INT_CONVERSION = YES;
				CLANG_WARN_OBJC_ROOT_CLASS = YES_ERROR;
				CLANG_WARN_UNREACHABLE_CODE = YES;
				CLANG_WARN__DUPLICATE_METHOD_MATCH = YES;
				"CODE_SIGN_IDENTITY[sdk=iphoneos*]" = "iPhone Developer";
				COPY_PHASE_STRIP = NO;
				ENABLE_STRICT_OBJC_MSGSEND = YES;
				GCC_C_LANGUAGE_STANDARD = gnu99;
				GCC_DYNAMIC_NO_PIC = NO;
				GCC_OPTIMIZATION_LEVEL = 0;
				GCC_PREPROCESSOR_DEFINITIONS = (
					"DEBUG=1",
					"$(inherited)",
				);
				GCC_SYMBOLS_PRIVATE_EXTERN = NO;
				GCC_WARN_64_TO_32_BIT_CONVERSION = YES;
				GCC_WARN_ABOUT_RETURN_TYPE = YES_ERROR;
				GCC_WARN_UNDECLARED_SELECTOR = YES;
				GCC_WARN_UNINITIALIZED_AUTOS = YES_AGGRESSIVE;
				GCC_WARN_UNUSED_FUNCTION = YES;
				GCC_WARN_UNUSED_VARIABLE = YES;
				IPHONEOS_DEPLOYMENT_TARGET = 8.1;
				MTL_ENABLE_DEBUG_INFO = YES;
				ONLY_ACTIVE_ARCH = YES;
				SDKROOT = iphoneos;
				TARGETED_DEVICE_FAMILY = "1,2";
			};
			name = Debug;
		};
		188646361A65E4A80036ADDC /* Release */ = {
			isa = XCBuildConfiguration;
			buildSettings = {
				ALWAYS_SEARCH_USER_PATHS = NO;
				CLANG_CXX_LANGUAGE_STANDARD = "gnu++0x";
				CLANG_CXX_LIBRARY = "libc++";
				CLANG_ENABLE_MODULES = YES;
				CLANG_ENABLE_OBJC_ARC = YES;
				CLANG_WARN_BOOL_CONVERSION = YES;
				CLANG_WARN_CONSTANT_CONVERSION = YES;
				CLANG_WARN_DIRECT_OBJC_ISA_USAGE = YES_ERROR;
				CLANG_WARN_EMPTY_BODY = YES;
				CLANG_WARN_ENUM_CONVERSION = YES;
				CLANG_WARN_INT_CONVERSION = YES;
				CLANG_WARN_OBJC_ROOT_CLASS = YES_ERROR;
				CLANG_WARN_UNREACHABLE_CODE = YES;
				CLANG_WARN__DUPLICATE_METHOD_MATCH = YES;
				"CODE_SIGN_IDENTITY[sdk=iphoneos*]" = "iPhone Developer";
				COPY_PHASE_STRIP = YES;
				ENABLE_NS_ASSERTIONS = NO;
				ENABLE_STRICT_OBJC_MSGSEND = YES;
				GCC_C_LANGUAGE_STANDARD = gnu99;
				GCC_WARN_64_TO_32_BIT_CONVERSION = YES;
				GCC_WARN_ABOUT_RETURN_TYPE = YES_ERROR;
				GCC_WARN_UNDECLARED_SELECTOR = YES;
				GCC_WARN_UNINITIALIZED_AUTOS = YES_AGGRESSIVE;
				GCC_WARN_UNUSED_FUNCTION = YES;
				GCC_WARN_UNUSED_VARIABLE = YES;
				IPHONEOS_DEPLOYMENT_TARGET = 8.1;
				MTL_ENABLE_DEBUG_INFO = NO;
				SDKROOT = iphoneos;
				TARGETED_DEVICE_FAMILY = "1,2";
				VALIDATE_PRODUCT = YES;
			};
			name = Release;
		};
		188646381A65E4A80036ADDC /* Debug */ = {
			isa = XCBuildConfiguration;
			buildSettings = {
				ASSETCATALOG_COMPILER_APPICON_NAME = AppIcon;
				INFOPLIST_FILE = ChangeColorProtocol/Info.plist;
				LD_RUNPATH_SEARCH_PATHS = "$(inherited) @executable_path/Frameworks";
				PRODUCT_NAME = "$(TARGET_NAME)";
			};
			name = Debug;
		};
		188646391A65E4A80036ADDC /* Release */ = {
			isa = XCBuildConfiguration;
			buildSettings = {
				ASSETCATALOG_COMPILER_APPICON_NAME = AppIcon;
				INFOPLIST_FILE = ChangeColorProtocol/Info.plist;
				LD_RUNPATH_SEARCH_PATHS = "$(inherited) @executable_path/Frameworks";
				PRODUCT_NAME = "$(TARGET_NAME)";
			};
			name = Release;
		};
		1886463B1A65E4A80036ADDC /* Debug */ = {
			isa = XCBuildConfiguration;
			buildSettings = {
				BUNDLE_LOADER = "$(TEST_HOST)";
				FRAMEWORK_SEARCH_PATHS = (
					"$(SDKROOT)/Developer/Library/Frameworks",
					"$(inherited)",
				);
				GCC_PREPROCESSOR_DEFINITIONS = (
					"DEBUG=1",
					"$(inherited)",
				);
				INFOPLIST_FILE = ChangeColorProtocolTests/Info.plist;
				LD_RUNPATH_SEARCH_PATHS = "$(inherited) @executable_path/Frameworks @loader_path/Frameworks";
				PRODUCT_NAME = "$(TARGET_NAME)";
				TEST_HOST = "$(BUILT_PRODUCTS_DIR)/ChangeColorProtocol.app/ChangeColorProtocol";
			};
			name = Debug;
		};
		1886463C1A65E4A80036ADDC /* Release */ = {
			isa = XCBuildConfiguration;
			buildSettings = {
				BUNDLE_LOADER = "$(TEST_HOST)";
				FRAMEWORK_SEARCH_PATHS = (
					"$(SDKROOT)/Developer/Library/Frameworks",
					"$(inherited)",
				);
				INFOPLIST_FILE = ChangeColorProtocolTests/Info.plist;
				LD_RUNPATH_SEARCH_PATHS = "$(inherited) @executable_path/Frameworks @loader_path/Frameworks";
				PRODUCT_NAME = "$(TARGET_NAME)";
				TEST_HOST = "$(BUILT_PRODUCTS_DIR)/ChangeColorProtocol.app/ChangeColorProtocol";
			};
			name = Release;
		};
/* End XCBuildConfiguration section */

/* Begin XCConfigurationList section */
		1886460F1A65E4A70036ADDC /* Build configuration list for PBXProject "ChangeColorProtocol" */ = {
			isa = XCConfigurationList;
			buildConfigurations = (
				188646351A65E4A80036ADDC /* Debug */,
				188646361A65E4A80036ADDC /* Release */,
			);
			defaultConfigurationIsVisible = 0;
			defaultConfigurationName = Release;
		};
		188646371A65E4A80036ADDC /* Build configuration list for PBXNativeTarget "ChangeColorProtocol" */ = {
			isa = XCConfigurationList;
			buildConfigurations = (
				188646381A65E4A80036ADDC /* Debug */,
				188646391A65E4A80036ADDC /* Release */,
			);
			defaultConfigurationIsVisible = 0;
		};
		1886463A1A65E4A80036ADDC /* Build configuration list for PBXNativeTarget "ChangeColorProtocolTests" */ = {
			isa = XCConfigurationList;
			buildConfigurations = (
				1886463B1A65E4A80036ADDC /* Debug */,
				1886463C1A65E4A80036ADDC /* Release */,
			);
			defaultConfigurationIsVisible = 0;
		};
/* End XCConfigurationList section */
	};
	rootObject = 1886460C1A65E4A70036ADDC /* Project object */;
}
